
Microsoft Visual Studio Solution File, Format Version 12.00
# Visual Studio 15
VisualStudioVersion = 15.0.28307.572
MinimumVisualStudioVersion = 10.0.40219.1
Project("{FAE04EC0-301F-11D3-BF4B-00C04F79EFBC}") = "mirror", "mirror.csproj", "{DEE27CDD-055B-4E80-84DC-8D488D4987BC}"
EndProject
Project("{FAE04EC0-301F-11D3-BF4B-00C04F79EFBC}") = "common", "..\common\common.csproj", "{C5CAE85D-1500-4B28-B8D8-78BCA11DC82C}"
EndProject
Global
	GlobalSection(SolutionConfigurationPlatforms) = preSolution
		Debug|Any CPU = Debug|Any CPU
		Release|Any CPU = Release|Any CPU
	EndGlobalSection
	GlobalSection(ProjectConfigurationPlatforms) = postSolution
		{DEE27CDD-055B-4E80-84DC-8D488D4987BC}.Debug|Any CPU.ActiveCfg = Debug|Any CPU
		{DEE27CDD-055B-4E80-84DC-8D488D4987BC}.Debug|Any CPU.Build.0 = Debug|Any CPU
		{DEE27CDD-055B-4E80-84DC-8D488D4987BC}.Release|Any CPU.ActiveCfg = Release|Any CPU
		{DEE27CDD-055B-4E80-84DC-8D488D4987BC}.Release|Any CPU.Build.0 = Release|Any CPU
		{C5CAE85D-1500-4B28-B8D8-78BCA11DC82C}.Debug|Any CPU.ActiveCfg = Debug|Any CPU
		{C5CAE85D-1500-4B28-B8D8-78BCA11DC82C}.Debug|Any CPU.Build.0 = Debug|Any CPU
		{C5CAE85D-1500-4B28-B8D8-78BCA11DC82C}.Release|Any CPU.ActiveCfg = Release|Any CPU
		{C5CAE85D-1500-4B28-B8D8-78BCA11DC82C}.Release|Any CPU.Build.0 = Release|Any CPU
	EndGlobalSection
	GlobalSection(SolutionProperties) = preSolution
		HideSolutionNode = FALSE
	EndGlobalSection
	GlobalSection(ExtensibilityGlobals) = postSolution
		SolutionGuid = {3D220D98-C9B5-4B91-ADB7-E75B92FCE16E}
	EndGlobalSection
EndGlobal
