
Microsoft Visual Studio Solution File, Format Version 12.00
# Visual Studio 15
VisualStudioVersion = 15.0.28307.572
MinimumVisualStudioVersion = 10.0.40219.1
Project("{FAE04EC0-301F-11D3-BF4B-00C04F79EFBC}") = "win-editor", "win-editor.csproj", "{DE0FF3C2-06B8-4456-A0AC-B108CE32A8B4}"
EndProject
Global
	GlobalSection(SolutionConfigurationPlatforms) = preSolution
		Debug|Any CPU = Debug|Any CPU
		Release|Any CPU = Release|Any CPU
	EndGlobalSection
	GlobalSection(ProjectConfigurationPlatforms) = postSolution
		{DE0FF3C2-06B8-4456-A0AC-B108CE32A8B4}.Debug|Any CPU.ActiveCfg = Debug|Any CPU
		{DE0FF3C2-06B8-4456-A0AC-B108CE32A8B4}.Debug|Any CPU.Build.0 = Debug|Any CPU
		{DE0FF3C2-06B8-4456-A0AC-B108CE32A8B4}.Release|Any CPU.ActiveCfg = Release|Any CPU
		{DE0FF3C2-06B8-4456-A0AC-B108CE32A8B4}.Release|Any CPU.Build.0 = Release|Any CPU
	EndGlobalSection
	GlobalSection(SolutionProperties) = preSolution
		HideSolutionNode = FALSE
	EndGlobalSection
	GlobalSection(ExtensibilityGlobals) = postSolution
		SolutionGuid = {6C1258C1-CE5A-4E72-BD00-72E7747D7BC8}
	EndGlobalSection
EndGlobal
